// !$*UTF8*$!
{
	archiveVersion = 1;
	classes = {
	};
	objectVersion = 50;
	objects = {

/* Begin PBXBuildFile section */
		023EE4E321A4FDE400FDFC5E /* PlayerDetalsView+Gesture.swift in Sources */ = {isa = PBXBuildFile; fileRef = 023EE4E221A4FDE400FDFC5E /* PlayerDetalsView+Gesture.swift */; };
		023EE4E521A510FC00FDFC5E /* UIApplication.swift in Sources */ = {isa = PBXBuildFile; fileRef = 023EE4E421A510FC00FDFC5E /* UIApplication.swift */; };
		026D809E219C4F53005898D2 /* AppDelegate.swift in Sources */ = {isa = PBXBuildFile; fileRef = 026D809D219C4F53005898D2 /* AppDelegate.swift */; };
		026D80A0219C4F53005898D2 /* ViewController.swift in Sources */ = {isa = PBXBuildFile; fileRef = 026D809F219C4F53005898D2 /* ViewController.swift */; };
		026D80A5219C4F56005898D2 /* Assets.xcassets in Resources */ = {isa = PBXBuildFile; fileRef = 026D80A4219C4F56005898D2 /* Assets.xcassets */; };
		026D80A8219C4F56005898D2 /* LaunchScreen.storyboard in Resources */ = {isa = PBXBuildFile; fileRef = 026D80A6219C4F56005898D2 /* LaunchScreen.storyboard */; };
		026D80B0219C4FC5005898D2 /* MainTabBarController.swift in Sources */ = {isa = PBXBuildFile; fileRef = 026D80AF219C4FC5005898D2 /* MainTabBarController.swift */; };
		026D80B3219C68F4005898D2 /* FodcastsSearchTableViewController.swift in Sources */ = {isa = PBXBuildFile; fileRef = 026D80B2219C68F4005898D2 /* FodcastsSearchTableViewController.swift */; };
		026D80B6219C6988005898D2 /* Fodcast.swift in Sources */ = {isa = PBXBuildFile; fileRef = 026D80B5219C6988005898D2 /* Fodcast.swift */; };
		026D80B9219D3487005898D2 /* APIService.swift in Sources */ = {isa = PBXBuildFile; fileRef = 026D80B8219D3487005898D2 /* APIService.swift */; };
		026D80BC219D672C005898D2 /* FodcastCell.xib in Resources */ = {isa = PBXBuildFile; fileRef = 026D80BB219D672C005898D2 /* FodcastCell.xib */; };
		026FB19321A8F4BC00F0FF01 /* FavoritesCollectionViewController.swift in Sources */ = {isa = PBXBuildFile; fileRef = 026FB19221A8F4BC00F0FF01 /* FavoritesCollectionViewController.swift */; };
		026FB19521A8F85900F0FF01 /* FavoriteFodcastCollectionviewCell.swift in Sources */ = {isa = PBXBuildFile; fileRef = 026FB19421A8F85900F0FF01 /* FavoriteFodcastCollectionviewCell.swift */; };
		0278F31421AA6B9A0011F9DB /* UserDefaults.swift in Sources */ = {isa = PBXBuildFile; fileRef = 0278F31321AA6B9A0011F9DB /* UserDefaults.swift */; };
		02CC269F219D694F00ABC5EC /* FodcastTableViewCell.swift in Sources */ = {isa = PBXBuildFile; fileRef = 02CC269E219D694F00ABC5EC /* FodcastTableViewCell.swift */; };
		02CC26A1219D9C6D00ABC5EC /* EpisodeTableViewController.swift in Sources */ = {isa = PBXBuildFile; fileRef = 02CC26A0219D9C6D00ABC5EC /* EpisodeTableViewController.swift */; };
		02CC26A3219E764600ABC5EC /* Episode.swift in Sources */ = {isa = PBXBuildFile; fileRef = 02CC26A2219E764600ABC5EC /* Episode.swift */; };
		02CC26A6219E76EA00ABC5EC /* EpisodeTableViewCell.swift in Sources */ = {isa = PBXBuildFile; fileRef = 02CC26A4219E76EA00ABC5EC /* EpisodeTableViewCell.swift */; };
		02CC26A7219E76EA00ABC5EC /* EpisodeTableViewCell.xib in Resources */ = {isa = PBXBuildFile; fileRef = 02CC26A5219E76EA00ABC5EC /* EpisodeTableViewCell.xib */; };
		02CC26AA219E820E00ABC5EC /* String.swift in Sources */ = {isa = PBXBuildFile; fileRef = 02CC26A9219E820E00ABC5EC /* String.swift */; };
		02CC26AC219E830500ABC5EC /* RSSFeed.swift in Sources */ = {isa = PBXBuildFile; fileRef = 02CC26AB219E830500ABC5EC /* RSSFeed.swift */; };
		02CC26AE219EA6E700ABC5EC /* PlayerDetailsView.xib in Resources */ = {isa = PBXBuildFile; fileRef = 02CC26AD219EA6E700ABC5EC /* PlayerDetailsView.xib */; };
		02DF21AF21ABBFCE002763E0 /* DownloadsTableViewController.swift in Sources */ = {isa = PBXBuildFile; fileRef = 02DF21AE21ABBFCE002763E0 /* DownloadsTableViewController.swift */; };
		02EC0D82219EDD9E002E632D /* PlayerDetailsView.swift in Sources */ = {isa = PBXBuildFile; fileRef = 02EC0D81219EDD9E002E632D /* PlayerDetailsView.swift */; };
		02EC0D8521A10946002E632D /* CMTime.swift in Sources */ = {isa = PBXBuildFile; fileRef = 02EC0D8421A10946002E632D /* CMTime.swift */; };
		1BCFF2CBCAD0838328217547 /* Pods_FobCasts.framework in Frameworks */ = {isa = PBXBuildFile; fileRef = 75B5349093F781E5CDCF67EE /* Pods_FobCasts.framework */; };
/* End PBXBuildFile section */

/* Begin PBXFileReference section */
		023EE4E221A4FDE400FDFC5E /* PlayerDetalsView+Gesture.swift */ = {isa = PBXFileReference; lastKnownFileType = sourcecode.swift; path = "PlayerDetalsView+Gesture.swift"; sourceTree = "<group>"; };
		023EE4E421A510FC00FDFC5E /* UIApplication.swift */ = {isa = PBXFileReference; lastKnownFileType = sourcecode.swift; path = UIApplication.swift; sourceTree = "<group>"; };
		026D809A219C4F53005898D2 /* FobCasts.app */ = {isa = PBXFileReference; explicitFileType = wrapper.application; includeInIndex = 0; path = FobCasts.app; sourceTree = BUILT_PRODUCTS_DIR; };
		026D809D219C4F53005898D2 /* AppDelegate.swift */ = {isa = PBXFileReference; lastKnownFileType = sourcecode.swift; path = AppDelegate.swift; sourceTree = "<group>"; };
		026D809F219C4F53005898D2 /* ViewController.swift */ = {isa = PBXFileReference; lastKnownFileType = sourcecode.swift; path = ViewController.swift; sourceTree = "<group>"; };
		026D80A4219C4F56005898D2 /* Assets.xcassets */ = {isa = PBXFileReference; lastKnownFileType = folder.assetcatalog; path = Assets.xcassets; sourceTree = "<group>"; };
		026D80A7219C4F56005898D2 /* Base */ = {isa = PBXFileReference; lastKnownFileType = file.storyboard; name = Base; path = Base.lproj/LaunchScreen.storyboard; sourceTree = "<group>"; };
		026D80A9219C4F56005898D2 /* Info.plist */ = {isa = PBXFileReference; lastKnownFileType = text.plist.xml; path = Info.plist; sourceTree = "<group>"; };
		026D80AF219C4FC5005898D2 /* MainTabBarController.swift */ = {isa = PBXFileReference; lastKnownFileType = sourcecode.swift; path = MainTabBarController.swift; sourceTree = "<group>"; };
		026D80B2219C68F4005898D2 /* FodcastsSearchTableViewController.swift */ = {isa = PBXFileReference; lastKnownFileType = sourcecode.swift; path = FodcastsSearchTableViewController.swift; sourceTree = "<group>"; };
		026D80B5219C6988005898D2 /* Fodcast.swift */ = {isa = PBXFileReference; lastKnownFileType = sourcecode.swift; path = Fodcast.swift; sourceTree = "<group>"; };
		026D80B8219D3487005898D2 /* APIService.swift */ = {isa = PBXFileReference; lastKnownFileType = sourcecode.swift; path = APIService.swift; sourceTree = "<group>"; };
		026D80BB219D672C005898D2 /* FodcastCell.xib */ = {isa = PBXFileReference; lastKnownFileType = file.xib; path = FodcastCell.xib; sourceTree = "<group>"; };
		026FB19221A8F4BC00F0FF01 /* FavoritesCollectionViewController.swift */ = {isa = PBXFileReference; lastKnownFileType = sourcecode.swift; path = FavoritesCollectionViewController.swift; sourceTree = "<group>"; };
		026FB19421A8F85900F0FF01 /* FavoriteFodcastCollectionviewCell.swift */ = {isa = PBXFileReference; lastKnownFileType = sourcecode.swift; path = FavoriteFodcastCollectionviewCell.swift; sourceTree = "<group>"; };
		0278F31321AA6B9A0011F9DB /* UserDefaults.swift */ = {isa = PBXFileReference; lastKnownFileType = sourcecode.swift; path = UserDefaults.swift; sourceTree = "<group>"; };
		02CC269E219D694F00ABC5EC /* FodcastTableViewCell.swift */ = {isa = PBXFileReference; lastKnownFileType = sourcecode.swift; path = FodcastTableViewCell.swift; sourceTree = "<group>"; };
		02CC26A0219D9C6D00ABC5EC /* EpisodeTableViewController.swift */ = {isa = PBXFileReference; lastKnownFileType = sourcecode.swift; path = EpisodeTableViewController.swift; sourceTree = "<group>"; };
		02CC26A2219E764600ABC5EC /* Episode.swift */ = {isa = PBXFileReference; lastKnownFileType = sourcecode.swift; path = Episode.swift; sourceTree = "<group>"; };
		02CC26A4219E76EA00ABC5EC /* EpisodeTableViewCell.swift */ = {isa = PBXFileReference; lastKnownFileType = sourcecode.swift; path = EpisodeTableViewCell.swift; sourceTree = "<group>"; };
		02CC26A5219E76EA00ABC5EC /* EpisodeTableViewCell.xib */ = {isa = PBXFileReference; lastKnownFileType = file.xib; path = EpisodeTableViewCell.xib; sourceTree = "<group>"; };
		02CC26A9219E820E00ABC5EC /* String.swift */ = {isa = PBXFileReference; lastKnownFileType = sourcecode.swift; path = String.swift; sourceTree = "<group>"; };
		02CC26AB219E830500ABC5EC /* RSSFeed.swift */ = {isa = PBXFileReference; lastKnownFileType = sourcecode.swift; path = RSSFeed.swift; sourceTree = "<group>"; };
		02CC26AD219EA6E700ABC5EC /* PlayerDetailsView.xib */ = {isa = PBXFileReference; lastKnownFileType = file.xib; path = PlayerDetailsView.xib; sourceTree = "<group>"; };
		02DF21AE21ABBFCE002763E0 /* DownloadsTableViewController.swift */ = {isa = PBXFileReference; lastKnownFileType = sourcecode.swift; path = DownloadsTableViewController.swift; sourceTree = "<group>"; };
		02EC0D81219EDD9E002E632D /* PlayerDetailsView.swift */ = {isa = PBXFileReference; lastKnownFileType = sourcecode.swift; path = PlayerDetailsView.swift; sourceTree = "<group>"; };
		02EC0D8421A10946002E632D /* CMTime.swift */ = {isa = PBXFileReference; lastKnownFileType = sourcecode.swift; path = CMTime.swift; sourceTree = "<group>"; };
		37137F268863B219A3658F41 /* Pods-FobCasts.release.xcconfig */ = {isa = PBXFileReference; includeInIndex = 1; lastKnownFileType = text.xcconfig; name = "Pods-FobCasts.release.xcconfig"; path = "Pods/Target Support Files/Pods-FobCasts/Pods-FobCasts.release.xcconfig"; sourceTree = "<group>"; };
		51117FE56DD93F54150D106E /* Pods-FobCasts.debug.xcconfig */ = {isa = PBXFileReference; includeInIndex = 1; lastKnownFileType = text.xcconfig; name = "Pods-FobCasts.debug.xcconfig"; path = "Pods/Target Support Files/Pods-FobCasts/Pods-FobCasts.debug.xcconfig"; sourceTree = "<group>"; };
		75B5349093F781E5CDCF67EE /* Pods_FobCasts.framework */ = {isa = PBXFileReference; explicitFileType = wrapper.framework; includeInIndex = 0; path = Pods_FobCasts.framework; sourceTree = BUILT_PRODUCTS_DIR; };
/* End PBXFileReference section */

/* Begin PBXFrameworksBuildPhase section */
		026D8097219C4F53005898D2 /* Frameworks */ = {
			isa = PBXFrameworksBuildPhase;
			buildActionMask = 2147483647;
			files = (
				1BCFF2CBCAD0838328217547 /* Pods_FobCasts.framework in Frameworks */,
			);
			runOnlyForDeploymentPostprocessing = 0;
		};
/* End PBXFrameworksBuildPhase section */

/* Begin PBXGroup section */
		026D8091219C4F53005898D2 = {
			isa = PBXGroup;
			children = (
				026D809C219C4F53005898D2 /* FobCasts */,
				026D809B219C4F53005898D2 /* Products */,
				66C201CA4BA3F52DCE499EA2 /* Pods */,
				06FF9FED8A94699AA44774E0 /* Frameworks */,
			);
			sourceTree = "<group>";
		};
		026D809B219C4F53005898D2 /* Products */ = {
			isa = PBXGroup;
			children = (
				026D809A219C4F53005898D2 /* FobCasts.app */,
			);
			name = Products;
			sourceTree = "<group>";
		};
		026D809C219C4F53005898D2 /* FobCasts */ = {
			isa = PBXGroup;
			children = (
				026D80B4219C6972005898D2 /* Models */,
				026D80B7219D3473005898D2 /* API */,
				64E59582231CC70D00B46E68 /* Systems */,
				64E59585231CC7AE00B46E68 /* Downloads */,
				64E59584231CC77C00B46E68 /* Player Details */,
				64E59583231CC74500B46E68 /* Episodes */,
				64E59581231CC65200B46E68 /* Search */,
				64E59580231CC5E900B46E68 /* Favorites */,
				02CC26A8219E81FE00ABC5EC /* Utility */,
				026D80B1219C68D4005898D2 /* View Controllers */,
				026D80A4219C4F56005898D2 /* Assets.xcassets */,
				026D80A6219C4F56005898D2 /* LaunchScreen.storyboard */,
				026D80A9219C4F56005898D2 /* Info.plist */,
			);
			path = FobCasts;
			sourceTree = "<group>";
		};
		026D80B1219C68D4005898D2 /* View Controllers */ = {
			isa = PBXGroup;
			children = (
				026D80AF219C4FC5005898D2 /* MainTabBarController.swift */,
				026D809F219C4F53005898D2 /* ViewController.swift */,
			);
			name = "View Controllers";
			sourceTree = "<group>";
		};
		026D80B4219C6972005898D2 /* Models */ = {
			isa = PBXGroup;
			children = (
				026D80B5219C6988005898D2 /* Fodcast.swift */,
				02CC26A2219E764600ABC5EC /* Episode.swift */,
			);
			name = Models;
			sourceTree = "<group>";
		};
		026D80B7219D3473005898D2 /* API */ = {
			isa = PBXGroup;
			children = (
				026D80B8219D3487005898D2 /* APIService.swift */,
			);
			name = API;
			sourceTree = "<group>";
		};
		02CC26A8219E81FE00ABC5EC /* Utility */ = {
			isa = PBXGroup;
			children = (
				02CC26A9219E820E00ABC5EC /* String.swift */,
				02CC26AB219E830500ABC5EC /* RSSFeed.swift */,
				02EC0D8421A10946002E632D /* CMTime.swift */,
				023EE4E421A510FC00FDFC5E /* UIApplication.swift */,
				0278F31321AA6B9A0011F9DB /* UserDefaults.swift */,
			);
			name = Utility;
			sourceTree = "<group>";
		};
		06FF9FED8A94699AA44774E0 /* Frameworks */ = {
			isa = PBXGroup;
			children = (
				75B5349093F781E5CDCF67EE /* Pods_FobCasts.framework */,
			);
			name = Frameworks;
			sourceTree = "<group>";
		};
		64E59580231CC5E900B46E68 /* Favorites */ = {
			isa = PBXGroup;
			children = (
				026FB19421A8F85900F0FF01 /* FavoriteFodcastCollectionviewCell.swift */,
				026FB19221A8F4BC00F0FF01 /* FavoritesCollectionViewController.swift */,
			);
			name = Favorites;
			sourceTree = "<group>";
		};
		64E59581231CC65200B46E68 /* Search */ = {
			isa = PBXGroup;
			children = (
				02CC269E219D694F00ABC5EC /* FodcastTableViewCell.swift */,
				026D80B2219C68F4005898D2 /* FodcastsSearchTableViewController.swift */,
				026D80BB219D672C005898D2 /* FodcastCell.xib */,
			);
			name = Search;
			sourceTree = "<group>";
		};
		64E59582231CC70D00B46E68 /* Systems */ = {
			isa = PBXGroup;
			children = (
				026D809D219C4F53005898D2 /* AppDelegate.swift */,
			);
			name = Systems;
			sourceTree = "<group>";
		};
		64E59583231CC74500B46E68 /* Episodes */ = {
			isa = PBXGroup;
			children = (
				02CC26A5219E76EA00ABC5EC /* EpisodeTableViewCell.xib */,
				02CC26A4219E76EA00ABC5EC /* EpisodeTableViewCell.swift */,
				02CC26A0219D9C6D00ABC5EC /* EpisodeTableViewController.swift */,
			);
			name = Episodes;
			sourceTree = "<group>";
		};
		64E59584231CC77C00B46E68 /* Player Details */ = {
			isa = PBXGroup;
			children = (
				02CC26AD219EA6E700ABC5EC /* PlayerDetailsView.xib */,
				02EC0D81219EDD9E002E632D /* PlayerDetailsView.swift */,
				023EE4E221A4FDE400FDFC5E /* PlayerDetalsView+Gesture.swift */,
			);
			name = "Player Details";
			sourceTree = "<group>";
		};
		64E59585231CC7AE00B46E68 /* Downloads */ = {
			isa = PBXGroup;
			children = (
				02DF21AE21ABBFCE002763E0 /* DownloadsTableViewController.swift */,
			);
			name = Downloads;
			sourceTree = "<group>";
		};
		66C201CA4BA3F52DCE499EA2 /* Pods */ = {
			isa = PBXGroup;
			children = (
				51117FE56DD93F54150D106E /* Pods-FobCasts.debug.xcconfig */,
				37137F268863B219A3658F41 /* Pods-FobCasts.release.xcconfig */,
			);
			name = Pods;
			sourceTree = "<group>";
		};
/* End PBXGroup section */

/* Begin PBXNativeTarget section */
		026D8099219C4F53005898D2 /* FobCasts */ = {
			isa = PBXNativeTarget;
			buildConfigurationList = 026D80AC219C4F56005898D2 /* Build configuration list for PBXNativeTarget "FobCasts" */;
			buildPhases = (
				36865D7256127467A170F132 /* [CP] Check Pods Manifest.lock */,
				026D8096219C4F53005898D2 /* Sources */,
				026D8097219C4F53005898D2 /* Frameworks */,
				026D8098219C4F53005898D2 /* Resources */,
				A56B64D59BF8292687786CB3 /* [CP] Embed Pods Frameworks */,
			);
			buildRules = (
			);
			dependencies = (
			);
			name = FobCasts;
			productName = FobCasts;
			productReference = 026D809A219C4F53005898D2 /* FobCasts.app */;
			productType = "com.apple.product-type.application";
		};
/* End PBXNativeTarget section */

/* Begin PBXProject section */
		026D8092219C4F53005898D2 /* Project object */ = {
			isa = PBXProject;
			attributes = {
				LastSwiftUpdateCheck = 1010;
				LastUpgradeCheck = 1010;
				ORGANIZATIONNAME = "Le Doan Anh Khoa";
				TargetAttributes = {
					026D8099219C4F53005898D2 = {
						CreatedOnToolsVersion = 10.1;
						LastSwiftMigration = 1030;
						SystemCapabilities = {
							com.apple.BackgroundModes = {
								enabled = 1;
							};
						};
					};
				};
			};
			buildConfigurationList = 026D8095219C4F53005898D2 /* Build configuration list for PBXProject "FobCasts" */;
			compatibilityVersion = "Xcode 9.3";
			developmentRegion = en;
			hasScannedForEncodings = 0;
			knownRegions = (
				en,
				Base,
			);
			mainGroup = 026D8091219C4F53005898D2;
			productRefGroup = 026D809B219C4F53005898D2 /* Products */;
			projectDirPath = "";
			projectRoot = "";
			targets = (
				026D8099219C4F53005898D2 /* FobCasts */,
			);
		};
/* End PBXProject section */

/* Begin PBXResourcesBuildPhase section */
		026D8098219C4F53005898D2 /* Resources */ = {
			isa = PBXResourcesBuildPhase;
			buildActionMask = 2147483647;
			files = (
				02CC26AE219EA6E700ABC5EC /* PlayerDetailsView.xib in Resources */,
				026D80BC219D672C005898D2 /* FodcastCell.xib in Resources */,
				026D80A8219C4F56005898D2 /* LaunchScreen.storyboard in Resources */,
				026D80A5219C4F56005898D2 /* Assets.xcassets in Resources */,
				02CC26A7219E76EA00ABC5EC /* EpisodeTableViewCell.xib in Resources */,
			);
			runOnlyForDeploymentPostprocessing = 0;
		};
/* End PBXResourcesBuildPhase section */

/* Begin PBXShellScriptBuildPhase section */
		36865D7256127467A170F132 /* [CP] Check Pods Manifest.lock */ = {
			isa = PBXShellScriptBuildPhase;
			buildActionMask = 2147483647;
			files = (
			);
			inputPaths = (
				"${PODS_PODFILE_DIR_PATH}/Podfile.lock",
				"${PODS_ROOT}/Manifest.lock",
			);
			name = "[CP] Check Pods Manifest.lock";
			outputPaths = (
				"$(DERIVED_FILE_DIR)/Pods-FobCasts-checkManifestLockResult.txt",
			);
			runOnlyForDeploymentPostprocessing = 0;
			shellPath = /bin/sh;
			shellScript = "diff \"${PODS_PODFILE_DIR_PATH}/Podfile.lock\" \"${PODS_ROOT}/Manifest.lock\" > /dev/null\nif [ $? != 0 ] ; then\n    # print error to STDERR\n    echo \"error: The sandbox is not in sync with the Podfile.lock. Run 'pod install' or update your CocoaPods installation.\" >&2\n    exit 1\nfi\n# This output is used by Xcode 'outputs' to avoid re-running this script phase.\necho \"SUCCESS\" > \"${SCRIPT_OUTPUT_FILE_0}\"\n";
			showEnvVarsInLog = 0;
		};
		A56B64D59BF8292687786CB3 /* [CP] Embed Pods Frameworks */ = {
			isa = PBXShellScriptBuildPhase;
			buildActionMask = 2147483647;
			files = (
			);
			inputPaths = (
				"${SRCROOT}/Pods/Target Support Files/Pods-FobCasts/Pods-FobCasts-frameworks.sh",
				"${BUILT_PRODUCTS_DIR}/Alamofire/Alamofire.framework",
				"${BUILT_PRODUCTS_DIR}/FeedKit/FeedKit.framework",
				"${BUILT_PRODUCTS_DIR}/SDWebImage/SDWebImage.framework",
			);
			name = "[CP] Embed Pods Frameworks";
			outputPaths = (
				"${TARGET_BUILD_DIR}/${FRAMEWORKS_FOLDER_PATH}/Alamofire.framework",
				"${TARGET_BUILD_DIR}/${FRAMEWORKS_FOLDER_PATH}/FeedKit.framework",
				"${TARGET_BUILD_DIR}/${FRAMEWORKS_FOLDER_PATH}/SDWebImage.framework",
			);
			runOnlyForDeploymentPostprocessing = 0;
			shellPath = /bin/sh;
			shellScript = "\"${SRCROOT}/Pods/Target Support Files/Pods-FobCasts/Pods-FobCasts-frameworks.sh\"\n";
			showEnvVarsInLog = 0;
		};
/* End PBXShellScriptBuildPhase section */

/* Begin PBXSourcesBuildPhase section */
		026D8096219C4F53005898D2 /* Sources */ = {
			isa = PBXSourcesBuildPhase;
			buildActionMask = 2147483647;
			files = (
				023EE4E521A510FC00FDFC5E /* UIApplication.swift in Sources */,
				02CC26AC219E830500ABC5EC /* RSSFeed.swift in Sources */,
				02EC0D82219EDD9E002E632D /* PlayerDetailsView.swift in Sources */,
				026D80A0219C4F53005898D2 /* ViewController.swift in Sources */,
				02CC26AA219E820E00ABC5EC /* String.swift in Sources */,
				02EC0D8521A10946002E632D /* CMTime.swift in Sources */,
				026D809E219C4F53005898D2 /* AppDelegate.swift in Sources */,
				02CC269F219D694F00ABC5EC /* FodcastTableViewCell.swift in Sources */,
				02CC26A6219E76EA00ABC5EC /* EpisodeTableViewCell.swift in Sources */,
				026D80B3219C68F4005898D2 /* FodcastsSearchTableViewController.swift in Sources */,
				026D80B0219C4FC5005898D2 /* MainTabBarController.swift in Sources */,
				026FB19521A8F85900F0FF01 /* FavoriteFodcastCollectionviewCell.swift in Sources */,
				023EE4E321A4FDE400FDFC5E /* PlayerDetalsView+Gesture.swift in Sources */,
				0278F31421AA6B9A0011F9DB /* UserDefaults.swift in Sources */,
				026FB19321A8F4BC00F0FF01 /* FavoritesCollectionViewController.swift in Sources */,
				02DF21AF21ABBFCE002763E0 /* DownloadsTableViewController.swift in Sources */,
				026D80B9219D3487005898D2 /* APIService.swift in Sources */,
				02CC26A1219D9C6D00ABC5EC /* EpisodeTableViewController.swift in Sources */,
				02CC26A3219E764600ABC5EC /* Episode.swift in Sources */,
				026D80B6219C6988005898D2 /* Fodcast.swift in Sources */,
			);
			runOnlyForDeploymentPostprocessing = 0;
		};
/* End PBXSourcesBuildPhase section */

/* Begin PBXVariantGroup section */
		026D80A6219C4F56005898D2 /* LaunchScreen.storyboard */ = {
			isa = PBXVariantGroup;
			children = (
				026D80A7219C4F56005898D2 /* Base */,
			);
			name = LaunchScreen.storyboard;
			sourceTree = "<group>";
		};
/* End PBXVariantGroup section */

/* Begin XCBuildConfiguration section */
		026D80AA219C4F56005898D2 /* Debug */ = {
			isa = XCBuildConfiguration;
			buildSettings = {
				ALWAYS_SEARCH_USER_PATHS = NO;
				CLANG_ANALYZER_NONNULL = YES;
				CLANG_ANALYZER_NUMBER_OBJECT_CONVERSION = YES_AGGRESSIVE;
				CLANG_CXX_LANGUAGE_STANDARD = "gnu++14";
				CLANG_CXX_LIBRARY = "libc++";
				CLANG_ENABLE_MODULES = YES;
				CLANG_ENABLE_OBJC_ARC = YES;
				CLANG_ENABLE_OBJC_WEAK = YES;
				CLANG_WARN_BLOCK_CAPTURE_AUTORELEASING = YES;
				CLANG_WARN_BOOL_CONVERSION = YES;
				CLANG_WARN_COMMA = YES;
				CLANG_WARN_CONSTANT_CONVERSION = YES;
				CLANG_WARN_DEPRECATED_OBJC_IMPLEMENTATIONS = YES;
				CLANG_WARN_DIRECT_OBJC_ISA_USAGE = YES_ERROR;
				CLANG_WARN_DOCUMENTATION_COMMENTS = YES;
				CLANG_WARN_EMPTY_BODY = YES;
				CLANG_WARN_ENUM_CONVERSION = YES;
				CLANG_WARN_INFINITE_RECURSION = YES;
				CLANG_WARN_INT_CONVERSION = YES;
				CLANG_WARN_NON_LITERAL_NULL_CONVERSION = YES;
				CLANG_WARN_OBJC_IMPLICIT_RETAIN_SELF = YES;
				CLANG_WARN_OBJC_LITERAL_CONVERSION = YES;
				CLANG_WARN_OBJC_ROOT_CLASS = YES_ERROR;
				CLANG_WARN_RANGE_LOOP_ANALYSIS = YES;
				CLANG_WARN_STRICT_PROTOTYPES = YES;
				CLANG_WARN_SUSPICIOUS_MOVE = YES;
				CLANG_WARN_UNGUARDED_AVAILABILITY = YES_AGGRESSIVE;
				CLANG_WARN_UNREACHABLE_CODE = YES;
				CLANG_WARN__DUPLICATE_METHOD_MATCH = YES;
				CODE_SIGN_IDENTITY = "iPhone Developer";
				COPY_PHASE_STRIP = NO;
				DEBUG_INFORMATION_FORMAT = dwarf;
				ENABLE_STRICT_OBJC_MSGSEND = YES;
				ENABLE_TESTABILITY = YES;
				GCC_C_LANGUAGE_STANDARD = gnu11;
				GCC_DYNAMIC_NO_PIC = NO;
				GCC_NO_COMMON_BLOCKS = YES;
				GCC_OPTIMIZATION_LEVEL = 0;
				GCC_PREPROCESSOR_DEFINITIONS = (
					"DEBUG=1",
					"$(inherited)",
				);
				GCC_WARN_64_TO_32_BIT_CONVERSION = YES;
				GCC_WARN_ABOUT_RETURN_TYPE = YES_ERROR;
				GCC_WARN_UNDECLARED_SELECTOR = YES;
				GCC_WARN_UNINITIALIZED_AUTOS = YES_AGGRESSIVE;
				GCC_WARN_UNUSED_FUNCTION = YES;
				GCC_WARN_UNUSED_VARIABLE = YES;
				IPHONEOS_DEPLOYMENT_TARGET = 12.1;
				MTL_ENABLE_DEBUG_INFO = INCLUDE_SOURCE;
				MTL_FAST_MATH = YES;
				ONLY_ACTIVE_ARCH = YES;
				SDKROOT = iphoneos;
				SWIFT_ACTIVE_COMPILATION_CONDITIONS = DEBUG;
				SWIFT_OPTIMIZATION_LEVEL = "-Onone";
			};
			name = Debug;
		};
		026D80AB219C4F56005898D2 /* Release */ = {
			isa = XCBuildConfiguration;
			buildSettings = {
				ALWAYS_SEARCH_USER_PATHS = NO;
				CLANG_ANALYZER_NONNULL = YES;
				CLANG_ANALYZER_NUMBER_OBJECT_CONVERSION = YES_AGGRESSIVE;
				CLANG_CXX_LANGUAGE_STANDARD = "gnu++14";
				CLANG_CXX_LIBRARY = "libc++";
				CLANG_ENABLE_MODULES = YES;
				CLANG_ENABLE_OBJC_ARC = YES;
				CLANG_ENABLE_OBJC_WEAK = YES;
				CLANG_WARN_BLOCK_CAPTURE_AUTORELEASING = YES;
				CLANG_WARN_BOOL_CONVERSION = YES;
				CLANG_WARN_COMMA = YES;
				CLANG_WARN_CONSTANT_CONVERSION = YES;
				CLANG_WARN_DEPRECATED_OBJC_IMPLEMENTATIONS = YES;
				CLANG_WARN_DIRECT_OBJC_ISA_USAGE = YES_ERROR;
				CLANG_WARN_DOCUMENTATION_COMMENTS = YES;
				CLANG_WARN_EMPTY_BODY = YES;
				CLANG_WARN_ENUM_CONVERSION = YES;
				CLANG_WARN_INFINITE_RECURSION = YES;
				CLANG_WARN_INT_CONVERSION = YES;
				CLANG_WARN_NON_LITERAL_NULL_CONVERSION = YES;
				CLANG_WARN_OBJC_IMPLICIT_RETAIN_SELF = YES;
				CLANG_WARN_OBJC_LITERAL_CONVERSION = YES;
				CLANG_WARN_OBJC_ROOT_CLASS = YES_ERROR;
				CLANG_WARN_RANGE_LOOP_ANALYSIS = YES;
				CLANG_WARN_STRICT_PROTOTYPES = YES;
				CLANG_WARN_SUSPICIOUS_MOVE = YES;
				CLANG_WARN_UNGUARDED_AVAILABILITY = YES_AGGRESSIVE;
				CLANG_WARN_UNREACHABLE_CODE = YES;
				CLANG_WARN__DUPLICATE_METHOD_MATCH = YES;
				CODE_SIGN_IDENTITY = "iPhone Developer";
				COPY_PHASE_STRIP = NO;
				DEBUG_INFORMATION_FORMAT = "dwarf-with-dsym";
				ENABLE_NS_ASSERTIONS = NO;
				ENABLE_STRICT_OBJC_MSGSEND = YES;
				GCC_C_LANGUAGE_STANDARD = gnu11;
				GCC_NO_COMMON_BLOCKS = YES;
				GCC_WARN_64_TO_32_BIT_CONVERSION = YES;
				GCC_WARN_ABOUT_RETURN_TYPE = YES_ERROR;
				GCC_WARN_UNDECLARED_SELECTOR = YES;
				GCC_WARN_UNINITIALIZED_AUTOS = YES_AGGRESSIVE;
				GCC_WARN_UNUSED_FUNCTION = YES;
				GCC_WARN_UNUSED_VARIABLE = YES;
				IPHONEOS_DEPLOYMENT_TARGET = 12.1;
				MTL_ENABLE_DEBUG_INFO = NO;
				MTL_FAST_MATH = YES;
				SDKROOT = iphoneos;
				SWIFT_COMPILATION_MODE = wholemodule;
				SWIFT_OPTIMIZATION_LEVEL = "-O";
				VALIDATE_PRODUCT = YES;
			};
			name = Release;
		};
		026D80AD219C4F56005898D2 /* Debug */ = {
			isa = XCBuildConfiguration;
			baseConfigurationReference = 51117FE56DD93F54150D106E /* Pods-FobCasts.debug.xcconfig */;
			buildSettings = {
				ASSETCATALOG_COMPILER_APPICON_NAME = AppIcon;
				CODE_SIGN_STYLE = Automatic;
				DEVELOPMENT_TEAM = 5SB3H4Y5NS;
				INFOPLIST_FILE = FobCasts/Info.plist;
				LD_RUNPATH_SEARCH_PATHS = (
					"$(inherited)",
					"@executable_path/Frameworks",
				);
				PRODUCT_BUNDLE_IDENTIFIER = com.ledoananhkhoa.FobCasts;
				PRODUCT_NAME = "$(TARGET_NAME)";
				SWIFT_VERSION = 5.0;
				TARGETED_DEVICE_FAMILY = "1,2";
			};
			name = Debug;
		};
		026D80AE219C4F56005898D2 /* Release */ = {
			isa = XCBuildConfiguration;
			baseConfigurationReference = 37137F268863B219A3658F41 /* Pods-FobCasts.release.xcconfig */;
			buildSettings = {
				ASSETCATALOG_COMPILER_APPICON_NAME = AppIcon;
				CODE_SIGN_STYLE = Automatic;
				DEVELOPMENT_TEAM = 5SB3H4Y5NS;
				INFOPLIST_FILE = FobCasts/Info.plist;
				LD_RUNPATH_SEARCH_PATHS = (
					"$(inherited)",
					"@executable_path/Frameworks",
				);
				PRODUCT_BUNDLE_IDENTIFIER = com.ledoananhkhoa.FobCasts;
				PRODUCT_NAME = "$(TARGET_NAME)";
				SWIFT_VERSION = 5.0;
				TARGETED_DEVICE_FAMILY = "1,2";
			};
			name = Release;
		};
/* End XCBuildConfiguration section */

/* Begin XCConfigurationList section */
		026D8095219C4F53005898D2 /* Build configuration list for PBXProject "FobCasts" */ = {
			isa = XCConfigurationList;
			buildConfigurations = (
				026D80AA219C4F56005898D2 /* Debug */,
				026D80AB219C4F56005898D2 /* Release */,
			);
			defaultConfigurationIsVisible = 0;
			defaultConfigurationName = Release;
		};
		026D80AC219C4F56005898D2 /* Build configuration list for PBXNativeTarget "FobCasts" */ = {
			isa = XCConfigurationList;
			buildConfigurations = (
				026D80AD219C4F56005898D2 /* Debug */,
				026D80AE219C4F56005898D2 /* Release */,
			);
			defaultConfigurationIsVisible = 0;
			defaultConfigurationName = Release;
		};
/* End XCConfigurationList section */
	};
	rootObject = 026D8092219C4F53005898D2 /* Project object */;
}
